
Microsoft Visual Studio Solution File, Format Version 12.00
# Visual Studio Version 17
VisualStudioVersion = 17.8.34525.116
MinimumVisualStudioVersion = 10.0.40219.1
Project("{FAE04EC0-301F-11D3-BF4B-00C04F79EFBC}") = "Krema Roster Maker", "Krema Roster Maker\Krema Roster Maker.csproj", "{378ABF3F-153F-4551-94F5-034E7542A362}"
EndProject
Global
	GlobalSection(SolutionConfigurationPlatforms) = preSolution
		Debug|Any CPU = Debug|Any CPU
		Release|Any CPU = Release|Any CPU
	EndGlobalSection
	GlobalSection(ProjectConfigurationPlatforms) = postSolution
		{378ABF3F-153F-4551-94F5-034E7542A362}.Debug|Any CPU.ActiveCfg = Debug|Any CPU
		{378ABF3F-153F-4551-94F5-034E7542A362}.Debug|Any CPU.Build.0 = Debug|Any CPU
		{378ABF3F-153F-4551-94F5-034E7542A362}.Release|Any CPU.ActiveCfg = Release|Any CPU
		{378ABF3F-153F-4551-94F5-034E7542A362}.Release|Any CPU.Build.0 = Release|Any CPU
	EndGlobalSection
	GlobalSection(SolutionProperties) = preSolution
		HideSolutionNode = FALSE
	EndGlobalSection
	GlobalSection(ExtensibilityGlobals) = postSolution
		SolutionGuid = {B7AB32B2-CA7E-40EB-85EE-865F5840C56C}
	EndGlobalSection
EndGlobal
